// !$*UTF8*$!
{
	archiveVersion = 1;
	classes = {
	};
	objectVersion = 56;
	objects = {

/* Begin PBXBuildFile section */
		5AD5EE5E2B237BD6008C2AD0 /* AppDelegate.swift in Sources */ = {isa = PBXBuildFile; fileRef = 5AD5EE5D2B237BD6008C2AD0 /* AppDelegate.swift */; };
		5AD5EE602B237BD6008C2AD0 /* SceneDelegate.swift in Sources */ = {isa = PBXBuildFile; fileRef = 5AD5EE5F2B237BD6008C2AD0 /* SceneDelegate.swift */; };
		5AD5EE622B237BD6008C2AD0 /* ViewController.swift in Sources */ = {isa = PBXBuildFile; fileRef = 5AD5EE612B237BD6008C2AD0 /* ViewController.swift */; };
		5AD5EE652B237BD6008C2AD0 /* Main.storyboard in Resources */ = {isa = PBXBuildFile; fileRef = 5AD5EE632B237BD6008C2AD0 /* Main.storyboard */; };
		5AD5EE682B237BD6008C2AD0 /* CasualProject.xcdatamodeld in Sources */ = {isa = PBXBuildFile; fileRef = 5AD5EE662B237BD6008C2AD0 /* CasualProject.xcdatamodeld */; };
		5AD5EE6A2B237BD7008C2AD0 /* Assets.xcassets in Resources */ = {isa = PBXBuildFile; fileRef = 5AD5EE692B237BD7008C2AD0 /* Assets.xcassets */; };
		5AD5EE6D2B237BD7008C2AD0 /* LaunchScreen.storyboard in Resources */ = {isa = PBXBuildFile; fileRef = 5AD5EE6B2B237BD7008C2AD0 /* LaunchScreen.storyboard */; };
		5AD5EE782B237BD7008C2AD0 /* CasualProjectTests.swift in Sources */ = {isa = PBXBuildFile; fileRef = 5AD5EE772B237BD7008C2AD0 /* CasualProjectTests.swift */; };
		5AD5EE822B237BD7008C2AD0 /* CasualProjectUITests.swift in Sources */ = {isa = PBXBuildFile; fileRef = 5AD5EE812B237BD7008C2AD0 /* CasualProjectUITests.swift */; };
		5AD5EE842B237BD7008C2AD0 /* CasualProjectUITestsLaunchTests.swift in Sources */ = {isa = PBXBuildFile; fileRef = 5AD5EE832B237BD7008C2AD0 /* CasualProjectUITestsLaunchTests.swift */; };
/* End PBXBuildFile section */

/* Begin PBXContainerItemProxy section */
		5AD5EE742B237BD7008C2AD0 /* PBXContainerItemProxy */ = {
			isa = PBXContainerItemProxy;
			containerPortal = 5AD5EE522B237BD6008C2AD0 /* Project object */;
			proxyType = 1;
			remoteGlobalIDString = 5AD5EE592B237BD6008C2AD0;
			remoteInfo = CasualProject;
		};
		5AD5EE7E2B237BD7008C2AD0 /* PBXContainerItemProxy */ = {
			isa = PBXContainerItemProxy;
			containerPortal = 5AD5EE522B237BD6008C2AD0 /* Project object */;
			proxyType = 1;
			remoteGlobalIDString = 5AD5EE592B237BD6008C2AD0;
			remoteInfo = CasualProject;
		};
/* End PBXContainerItemProxy section */

/* Begin PBXFileReference section */
		5AD5EE5A2B237BD6008C2AD0 /* CasualProject.app */ = {isa = PBXFileReference; explicitFileType = wrapper.application; includeInIndex = 0; path = CasualProject.app; sourceTree = BUILT_PRODUCTS_DIR; };
		5AD5EE5D2B237BD6008C2AD0 /* AppDelegate.swift */ = {isa = PBXFileReference; lastKnownFileType = sourcecode.swift; path = AppDelegate.swift; sourceTree = "<group>"; };
		5AD5EE5F2B237BD6008C2AD0 /* SceneDelegate.swift */ = {isa = PBXFileReference; lastKnownFileType = sourcecode.swift; path = SceneDelegate.swift; sourceTree = "<group>"; };
		5AD5EE612B237BD6008C2AD0 /* ViewController.swift */ = {isa = PBXFileReference; lastKnownFileType = sourcecode.swift; path = ViewController.swift; sourceTree = "<group>"; };
		5AD5EE642B237BD6008C2AD0 /* Base */ = {isa = PBXFileReference; lastKnownFileType = file.storyboard; name = Base; path = Base.lproj/Main.storyboard; sourceTree = "<group>"; };
		5AD5EE672B237BD6008C2AD0 /* CasualProject.xcdatamodel */ = {isa = PBXFileReference; lastKnownFileType = wrapper.xcdatamodel; path = CasualProject.xcdatamodel; sourceTree = "<group>"; };
		5AD5EE692B237BD7008C2AD0 /* Assets.xcassets */ = {isa = PBXFileReference; lastKnownFileType = folder.assetcatalog; path = Assets.xcassets; sourceTree = "<group>"; };
		5AD5EE6C2B237BD7008C2AD0 /* Base */ = {isa = PBXFileReference; lastKnownFileType = file.storyboard; name = Base; path = Base.lproj/LaunchScreen.storyboard; sourceTree = "<group>"; };
		5AD5EE6E2B237BD7008C2AD0 /* Info.plist */ = {isa = PBXFileReference; lastKnownFileType = text.plist.xml; path = Info.plist; sourceTree = "<group>"; };
		5AD5EE732B237BD7008C2AD0 /* CasualProjectTests.xctest */ = {isa = PBXFileReference; explicitFileType = wrapper.cfbundle; includeInIndex = 0; path = CasualProjectTests.xctest; sourceTree = BUILT_PRODUCTS_DIR; };
		5AD5EE772B237BD7008C2AD0 /* CasualProjectTests.swift */ = {isa = PBXFileReference; lastKnownFileType = sourcecode.swift; path = CasualProjectTests.swift; sourceTree = "<group>"; };
		5AD5EE7D2B237BD7008C2AD0 /* CasualProjectUITests.xctest */ = {isa = PBXFileReference; explicitFileType = wrapper.cfbundle; includeInIndex = 0; path = CasualProjectUITests.xctest; sourceTree = BUILT_PRODUCTS_DIR; };
		5AD5EE812B237BD7008C2AD0 /* CasualProjectUITests.swift */ = {isa = PBXFileReference; lastKnownFileType = sourcecode.swift; path = CasualProjectUITests.swift; sourceTree = "<group>"; };
		5AD5EE832B237BD7008C2AD0 /* CasualProjectUITestsLaunchTests.swift */ = {isa = PBXFileReference; lastKnownFileType = sourcecode.swift; path = CasualProjectUITestsLaunchTests.swift; sourceTree = "<group>"; };
/* End PBXFileReference section */

/* Begin PBXFrameworksBuildPhase section */
		5AD5EE572B237BD6008C2AD0 /* Frameworks */ = {
			isa = PBXFrameworksBuildPhase;
			buildActionMask = 2147483647;
			files = (
			);
			runOnlyForDeploymentPostprocessing = 0;
		};
		5AD5EE702B237BD7008C2AD0 /* Frameworks */ = {
			isa = PBXFrameworksBuildPhase;
			buildActionMask = 2147483647;
			files = (
			);
			runOnlyForDeploymentPostprocessing = 0;
		};
		5AD5EE7A2B237BD7008C2AD0 /* Frameworks */ = {
			isa = PBXFrameworksBuildPhase;
			buildActionMask = 2147483647;
			files = (
			);
			runOnlyForDeploymentPostprocessing = 0;
		};
/* End PBXFrameworksBuildPhase section */

/* Begin PBXGroup section */
		5AD5EE512B237BD6008C2AD0 = {
			isa = PBXGroup;
			children = (
				5AD5EE5C2B237BD6008C2AD0 /* CasualProject */,
				5AD5EE762B237BD7008C2AD0 /* CasualProjectTests */,
				5AD5EE802B237BD7008C2AD0 /* CasualProjectUITests */,
				5AD5EE5B2B237BD6008C2AD0 /* Products */,
			);
			sourceTree = "<group>";
		};
		5AD5EE5B2B237BD6008C2AD0 /* Products */ = {
			isa = PBXGroup;
			children = (
				5AD5EE5A2B237BD6008C2AD0 /* CasualProject.app */,
				5AD5EE732B237BD7008C2AD0 /* CasualProjectTests.xctest */,
				5AD5EE7D2B237BD7008C2AD0 /* CasualProjectUITests.xctest */,
			);
			name = Products;
			sourceTree = "<group>";
		};
		5AD5EE5C2B237BD6008C2AD0 /* CasualProject */ = {
			isa = PBXGroup;
			children = (
				5AD5EE5D2B237BD6008C2AD0 /* AppDelegate.swift */,
				5AD5EE5F2B237BD6008C2AD0 /* SceneDelegate.swift */,
				5AD5EE612B237BD6008C2AD0 /* ViewController.swift */,
				5AD5EE632B237BD6008C2AD0 /* Main.storyboard */,
				5AD5EE692B237BD7008C2AD0 /* Assets.xcassets */,
				5AD5EE6B2B237BD7008C2AD0 /* LaunchScreen.storyboard */,
				5AD5EE6E2B237BD7008C2AD0 /* Info.plist */,
				5AD5EE662B237BD6008C2AD0 /* CasualProject.xcdatamodeld */,
			);
			path = CasualProject;
			sourceTree = "<group>";
		};
		5AD5EE762B237BD7008C2AD0 /* CasualProjectTests */ = {
			isa = PBXGroup;
			children = (
				5AD5EE772B237BD7008C2AD0 /* CasualProjectTests.swift */,
			);
			path = CasualProjectTests;
			sourceTree = "<group>";
		};
		5AD5EE802B237BD7008C2AD0 /* CasualProjectUITests */ = {
			isa = PBXGroup;
			children = (
				5AD5EE812B237BD7008C2AD0 /* CasualProjectUITests.swift */,
				5AD5EE832B237BD7008C2AD0 /* CasualProjectUITestsLaunchTests.swift */,
			);
			path = CasualProjectUITests;
			sourceTree = "<group>";
		};
/* End PBXGroup section */

/* Begin PBXNativeTarget section */
		5AD5EE592B237BD6008C2AD0 /* CasualProject */ = {
			isa = PBXNativeTarget;
			buildConfigurationList = 5AD5EE872B237BD7008C2AD0 /* Build configuration list for PBXNativeTarget "CasualProject" */;
			buildPhases = (
				5AD5EE562B237BD6008C2AD0 /* Sources */,
				5AD5EE572B237BD6008C2AD0 /* Frameworks */,
				5AD5EE582B237BD6008C2AD0 /* Resources */,
			);
			buildRules = (
			);
			dependencies = (
			);
			name = CasualProject;
			productName = CasualProject;
			productReference = 5AD5EE5A2B237BD6008C2AD0 /* CasualProject.app */;
			productType = "com.apple.product-type.application";
		};
		5AD5EE722B237BD7008C2AD0 /* CasualProjectTests */ = {
			isa = PBXNativeTarget;
			buildConfigurationList = 5AD5EE8A2B237BD7008C2AD0 /* Build configuration list for PBXNativeTarget "CasualProjectTests" */;
			buildPhases = (
				5AD5EE6F2B237BD7008C2AD0 /* Sources */,
				5AD5EE702B237BD7008C2AD0 /* Frameworks */,
				5AD5EE712B237BD7008C2AD0 /* Resources */,
			);
			buildRules = (
			);
			dependencies = (
				5AD5EE752B237BD7008C2AD0 /* PBXTargetDependency */,
			);
			name = CasualProjectTests;
			productName = CasualProjectTests;
			productReference = 5AD5EE732B237BD7008C2AD0 /* CasualProjectTests.xctest */;
			productType = "com.apple.product-type.bundle.unit-test";
		};
		5AD5EE7C2B237BD7008C2AD0 /* CasualProjectUITests */ = {
			isa = PBXNativeTarget;
			buildConfigurationList = 5AD5EE8D2B237BD7008C2AD0 /* Build configuration list for PBXNativeTarget "CasualProjectUITests" */;
			buildPhases = (
				5AD5EE792B237BD7008C2AD0 /* Sources */,
				5AD5EE7A2B237BD7008C2AD0 /* Frameworks */,
				5AD5EE7B2B237BD7008C2AD0 /* Resources */,
			);
			buildRules = (
			);
			dependencies = (
				5AD5EE7F2B237BD7008C2AD0 /* PBXTargetDependency */,
			);
			name = CasualProjectUITests;
			productName = CasualProjectUITests;
			productReference = 5AD5EE7D2B237BD7008C2AD0 /* CasualProjectUITests.xctest */;
			productType = "com.apple.product-type.bundle.ui-testing";
		};
/* End PBXNativeTarget section */

/* Begin PBXProject section */
		5AD5EE522B237BD6008C2AD0 /* Project object */ = {
			isa = PBXProject;
			attributes = {
				BuildIndependentTargetsInParallel = 1;
				LastSwiftUpdateCheck = 1430;
				LastUpgradeCheck = 1430;
				TargetAttributes = {
					5AD5EE592B237BD6008C2AD0 = {
						CreatedOnToolsVersion = 14.3.1;
					};
					5AD5EE722B237BD7008C2AD0 = {
						CreatedOnToolsVersion = 14.3.1;
						TestTargetID = 5AD5EE592B237BD6008C2AD0;
					};
					5AD5EE7C2B237BD7008C2AD0 = {
						CreatedOnToolsVersion = 14.3.1;
						TestTargetID = 5AD5EE592B237BD6008C2AD0;
					};
				};
			};
			buildConfigurationList = 5AD5EE552B237BD6008C2AD0 /* Build configuration list for PBXProject "CasualProject" */;
			compatibilityVersion = "Xcode 14.0";
			developmentRegion = en;
			hasScannedForEncodings = 0;
			knownRegions = (
				en,
				Base,
			);
			mainGroup = 5AD5EE512B237BD6008C2AD0;
			productRefGroup = 5AD5EE5B2B237BD6008C2AD0 /* Products */;
			projectDirPath = "";
			projectRoot = "";
			targets = (
				5AD5EE592B237BD6008C2AD0 /* CasualProject */,
				5AD5EE722B237BD7008C2AD0 /* CasualProjectTests */,
				5AD5EE7C2B237BD7008C2AD0 /* CasualProjectUITests */,
			);
		};
/* End PBXProject section */

/* Begin PBXResourcesBuildPhase section */
		5AD5EE582B237BD6008C2AD0 /* Resources */ = {
			isa = PBXResourcesBuildPhase;
			buildActionMask = 2147483647;
			files = (
				5AD5EE6D2B237BD7008C2AD0 /* LaunchScreen.storyboard in Resources */,
				5AD5EE6A2B237BD7008C2AD0 /* Assets.xcassets in Resources */,
				5AD5EE652B237BD6008C2AD0 /* Main.storyboard in Resources */,
			);
			runOnlyForDeploymentPostprocessing = 0;
		};
		5AD5EE712B237BD7008C2AD0 /* Resources */ = {
			isa = PBXResourcesBuildPhase;
			buildActionMask = 2147483647;
			files = (
			);
			runOnlyForDeploymentPostprocessing = 0;
		};
		5AD5EE7B2B237BD7008C2AD0 /* Resources */ = {
			isa = PBXResourcesBuildPhase;
			buildActionMask = 2147483647;
			files = (
			);
			runOnlyForDeploymentPostprocessing = 0;
		};
/* End PBXResourcesBuildPhase section */

/* Begin PBXSourcesBuildPhase section */
		5AD5EE562B237BD6008C2AD0 /* Sources */ = {
			isa = PBXSourcesBuildPhase;
			buildActionMask = 2147483647;
			files = (
				5AD5EE622B237BD6008C2AD0 /* ViewController.swift in Sources */,
				5AD5EE5E2B237BD6008C2AD0 /* AppDelegate.swift in Sources */,
				5AD5EE682B237BD6008C2AD0 /* CasualProject.xcdatamodeld in Sources */,
				5AD5EE602B237BD6008C2AD0 /* SceneDelegate.swift in Sources */,
			);
			runOnlyForDeploymentPostprocessing = 0;
		};
		5AD5EE6F2B237BD7008C2AD0 /* Sources */ = {
			isa = PBXSourcesBuildPhase;
			buildActionMask = 2147483647;
			files = (
				5AD5EE782B237BD7008C2AD0 /* CasualProjectTests.swift in Sources */,
			);
			runOnlyForDeploymentPostprocessing = 0;
		};
		5AD5EE792B237BD7008C2AD0 /* Sources */ = {
			isa = PBXSourcesBuildPhase;
			buildActionMask = 2147483647;
			files = (
				5AD5EE822B237BD7008C2AD0 /* CasualProjectUITests.swift in Sources */,
				5AD5EE842B237BD7008C2AD0 /* CasualProjectUITestsLaunchTests.swift in Sources */,
			);
			runOnlyForDeploymentPostprocessing = 0;
		};
/* End PBXSourcesBuildPhase section */

/* Begin PBXTargetDependency section */
		5AD5EE752B237BD7008C2AD0 /* PBXTargetDependency */ = {
			isa = PBXTargetDependency;
			target = 5AD5EE592B237BD6008C2AD0 /* CasualProject */;
			targetProxy = 5AD5EE742B237BD7008C2AD0 /* PBXContainerItemProxy */;
		};
		5AD5EE7F2B237BD7008C2AD0 /* PBXTargetDependency */ = {
			isa = PBXTargetDependency;
			target = 5AD5EE592B237BD6008C2AD0 /* CasualProject */;
			targetProxy = 5AD5EE7E2B237BD7008C2AD0 /* PBXContainerItemProxy */;
		};
/* End PBXTargetDependency section */

/* Begin PBXVariantGroup section */
		5AD5EE632B237BD6008C2AD0 /* Main.storyboard */ = {
			isa = PBXVariantGroup;
			children = (
				5AD5EE642B237BD6008C2AD0 /* Base */,
			);
			name = Main.storyboard;
			sourceTree = "<group>";
		};
		5AD5EE6B2B237BD7008C2AD0 /* LaunchScreen.storyboard */ = {
			isa = PBXVariantGroup;
			children = (
				5AD5EE6C2B237BD7008C2AD0 /* Base */,
			);
			name = LaunchScreen.storyboard;
			sourceTree = "<group>";
		};
/* End PBXVariantGroup section */

/* Begin XCBuildConfiguration section */
		5AD5EE852B237BD7008C2AD0 /* Debug */ = {
			isa = XCBuildConfiguration;
			buildSettings = {
				ALWAYS_SEARCH_USER_PATHS = NO;
				CLANG_ANALYZER_NONNULL = YES;
				CLANG_ANALYZER_NUMBER_OBJECT_CONVERSION = YES_AGGRESSIVE;
				CLANG_CXX_LANGUAGE_STANDARD = "gnu++20";
				CLANG_ENABLE_MODULES = YES;
				CLANG_ENABLE_OBJC_ARC = YES;
				CLANG_ENABLE_OBJC_WEAK = YES;
				CLANG_WARN_BLOCK_CAPTURE_AUTORELEASING = YES;
				CLANG_WARN_BOOL_CONVERSION = YES;
				CLANG_WARN_COMMA = YES;
				CLANG_WARN_CONSTANT_CONVERSION = YES;
				CLANG_WARN_DEPRECATED_OBJC_IMPLEMENTATIONS = YES;
				CLANG_WARN_DIRECT_OBJC_ISA_USAGE = YES_ERROR;
				CLANG_WARN_DOCUMENTATION_COMMENTS = YES;
				CLANG_WARN_EMPTY_BODY = YES;
				CLANG_WARN_ENUM_CONVERSION = YES;
				CLANG_WARN_INFINITE_RECURSION = YES;
				CLANG_WARN_INT_CONVERSION = YES;
				CLANG_WARN_NON_LITERAL_NULL_CONVERSION = YES;
				CLANG_WARN_OBJC_IMPLICIT_RETAIN_SELF = YES;
				CLANG_WARN_OBJC_LITERAL_CONVERSION = YES;
				CLANG_WARN_OBJC_ROOT_CLASS = YES_ERROR;
				CLANG_WARN_QUOTED_INCLUDE_IN_FRAMEWORK_HEADER = YES;
				CLANG_WARN_RANGE_LOOP_ANALYSIS = YES;
				CLANG_WARN_STRICT_PROTOTYPES = YES;
				CLANG_WARN_SUSPICIOUS_MOVE = YES;
				CLANG_WARN_UNGUARDED_AVAILABILITY = YES_AGGRESSIVE;
				CLANG_WARN_UNREACHABLE_CODE = YES;
				CLANG_WARN__DUPLICATE_METHOD_MATCH = YES;
				COPY_PHASE_STRIP = NO;
				DEBUG_INFORMATION_FORMAT = dwarf;
				ENABLE_STRICT_OBJC_MSGSEND = YES;
				ENABLE_TESTABILITY = YES;
				GCC_C_LANGUAGE_STANDARD = gnu11;
				GCC_DYNAMIC_NO_PIC = NO;
				GCC_NO_COMMON_BLOCKS = YES;
				GCC_OPTIMIZATION_LEVEL = 0;
				GCC_PREPROCESSOR_DEFINITIONS = (
					"DEBUG=1",
					"$(inherited)",
				);
				GCC_WARN_64_TO_32_BIT_CONVERSION = YES;
				GCC_WARN_ABOUT_RETURN_TYPE = YES_ERROR;
				GCC_WARN_UNDECLARED_SELECTOR = YES;
				GCC_WARN_UNINITIALIZED_AUTOS = YES_AGGRESSIVE;
				GCC_WARN_UNUSED_FUNCTION = YES;
				GCC_WARN_UNUSED_VARIABLE = YES;
				IPHONEOS_DEPLOYMENT_TARGET = 16.4;
				MTL_ENABLE_DEBUG_INFO = INCLUDE_SOURCE;
				MTL_FAST_MATH = YES;
				ONLY_ACTIVE_ARCH = YES;
				SDKROOT = iphoneos;
				SWIFT_ACTIVE_COMPILATION_CONDITIONS = DEBUG;
				SWIFT_OPTIMIZATION_LEVEL = "-Onone";
			};
			name = Debug;
		};
		5AD5EE862B237BD7008C2AD0 /* Release */ = {
			isa = XCBuildConfiguration;
			buildSettings = {
				ALWAYS_SEARCH_USER_PATHS = NO;
				CLANG_ANALYZER_NONNULL = YES;
				CLANG_ANALYZER_NUMBER_OBJECT_CONVERSION = YES_AGGRESSIVE;
				CLANG_CXX_LANGUAGE_STANDARD = "gnu++20";
				CLANG_ENABLE_MODULES = YES;
				CLANG_ENABLE_OBJC_ARC = YES;
				CLANG_ENABLE_OBJC_WEAK = YES;
				CLANG_WARN_BLOCK_CAPTURE_AUTORELEASING = YES;
				CLANG_WARN_BOOL_CONVERSION = YES;
				CLANG_WARN_COMMA = YES;
				CLANG_WARN_CONSTANT_CONVERSION = YES;
				CLANG_WARN_DEPRECATED_OBJC_IMPLEMENTATIONS = YES;
				CLANG_WARN_DIRECT_OBJC_ISA_USAGE = YES_ERROR;
				CLANG_WARN_DOCUMENTATION_COMMENTS = YES;
				CLANG_WARN_EMPTY_BODY = YES;
				CLANG_WARN_ENUM_CONVERSION = YES;
				CLANG_WARN_INFINITE_RECURSION = YES;
				CLANG_WARN_INT_CONVERSION = YES;
				CLANG_WARN_NON_LITERAL_NULL_CONVERSION = YES;
				CLANG_WARN_OBJC_IMPLICIT_RETAIN_SELF = YES;
				CLANG_WARN_OBJC_LITERAL_CONVERSION = YES;
				CLANG_WARN_OBJC_ROOT_CLASS = YES_ERROR;
				CLANG_WARN_QUOTED_INCLUDE_IN_FRAMEWORK_HEADER = YES;
				CLANG_WARN_RANGE_LOOP_ANALYSIS = YES;
				CLANG_WARN_STRICT_PROTOTYPES = YES;
				CLANG_WARN_SUSPICIOUS_MOVE = YES;
				CLANG_WARN_UNGUARDED_AVAILABILITY = YES_AGGRESSIVE;
				CLANG_WARN_UNREACHABLE_CODE = YES;
				CLANG_WARN__DUPLICATE_METHOD_MATCH = YES;
				COPY_PHASE_STRIP = NO;
				DEBUG_INFORMATION_FORMAT = "dwarf-with-dsym";
				ENABLE_NS_ASSERTIONS = NO;
				ENABLE_STRICT_OBJC_MSGSEND = YES;
				GCC_C_LANGUAGE_STANDARD = gnu11;
				GCC_NO_COMMON_BLOCKS = YES;
				GCC_WARN_64_TO_32_BIT_CONVERSION = YES;
				GCC_WARN_ABOUT_RETURN_TYPE = YES_ERROR;
				GCC_WARN_UNDECLARED_SELECTOR = YES;
				GCC_WARN_UNINITIALIZED_AUTOS = YES_AGGRESSIVE;
				GCC_WARN_UNUSED_FUNCTION = YES;
				GCC_WARN_UNUSED_VARIABLE = YES;
				IPHONEOS_DEPLOYMENT_TARGET = 16.4;
				MTL_ENABLE_DEBUG_INFO = NO;
				MTL_FAST_MATH = YES;
				SDKROOT = iphoneos;
				SWIFT_COMPILATION_MODE = wholemodule;
				SWIFT_OPTIMIZATION_LEVEL = "-O";
				VALIDATE_PRODUCT = YES;
			};
			name = Release;
		};
		5AD5EE882B237BD7008C2AD0 /* Debug */ = {
			isa = XCBuildConfiguration;
			buildSettings = {
				ASSETCATALOG_COMPILER_APPICON_NAME = AppIcon;
				ASSETCATALOG_COMPILER_GLOBAL_ACCENT_COLOR_NAME = AccentColor;
				CODE_SIGN_STYLE = Automatic;
				CURRENT_PROJECT_VERSION = 1;
				GENERATE_INFOPLIST_FILE = YES;
				INFOPLIST_FILE = CasualProject/Info.plist;
				INFOPLIST_KEY_UIApplicationSupportsIndirectInputEvents = YES;
				INFOPLIST_KEY_UILaunchStoryboardName = LaunchScreen;
				INFOPLIST_KEY_UIMainStoryboardFile = Main;
				INFOPLIST_KEY_UISupportedInterfaceOrientations_iPad = "UIInterfaceOrientationPortrait UIInterfaceOrientationPortraitUpsideDown UIInterfaceOrientationLandscapeLeft UIInterfaceOrientationLandscapeRight";
				INFOPLIST_KEY_UISupportedInterfaceOrientations_iPhone = "UIInterfaceOrientationPortrait UIInterfaceOrientationLandscapeLeft UIInterfaceOrientationLandscapeRight";
				LD_RUNPATH_SEARCH_PATHS = (
					"$(inherited)",
					"@executable_path/Frameworks",
				);
				MARKETING_VERSION = 1.0;
				PRODUCT_BUNDLE_IDENTIFIER = com.shubham.CasualProject;
				PRODUCT_NAME = "$(TARGET_NAME)";
				SWIFT_EMIT_LOC_STRINGS = YES;
				SWIFT_VERSION = 5.0;
				TARGETED_DEVICE_FAMILY = "1,2";
			};
			name = Debug;
		};
		5AD5EE892B237BD7008C2AD0 /* Release */ = {
			isa = XCBuildConfiguration;
			buildSettings = {
				ASSETCATALOG_COMPILER_APPICON_NAME = AppIcon;
				ASSETCATALOG_COMPILER_GLOBAL_ACCENT_COLOR_NAME = AccentColor;
				CODE_SIGN_STYLE = Automatic;
				CURRENT_PROJECT_VERSION = 1;
				GENERATE_INFOPLIST_FILE = YES;
				INFOPLIST_FILE = CasualProject/Info.plist;
				INFOPLIST_KEY_UIApplicationSupportsIndirectInputEvents = YES;
				INFOPLIST_KEY_UILaunchStoryboardName = LaunchScreen;
				INFOPLIST_KEY_UIMainStoryboardFile = Main;
				INFOPLIST_KEY_UISupportedInterfaceOrientations_iPad = "UIInterfaceOrientationPortrait UIInterfaceOrientationPortraitUpsideDown UIInterfaceOrientationLandscapeLeft UIInterfaceOrientationLandscapeRight";
				INFOPLIST_KEY_UISupportedInterfaceOrientations_iPhone = "UIInterfaceOrientationPortrait UIInterfaceOrientationLandscapeLeft UIInterfaceOrientationLandscapeRight";
				LD_RUNPATH_SEARCH_PATHS = (
					"$(inherited)",
					"@executable_path/Frameworks",
				);
				MARKETING_VERSION = 1.0;
				PRODUCT_BUNDLE_IDENTIFIER = com.shubham.CasualProject;
				PRODUCT_NAME = "$(TARGET_NAME)";
				SWIFT_EMIT_LOC_STRINGS = YES;
				SWIFT_VERSION = 5.0;
				TARGETED_DEVICE_FAMILY = "1,2";
			};
			name = Release;
		};
		5AD5EE8B2B237BD7008C2AD0 /* Debug */ = {
			isa = XCBuildConfiguration;
			buildSettings = {
				ALWAYS_EMBED_SWIFT_STANDARD_LIBRARIES = YES;
				BUNDLE_LOADER = "$(TEST_HOST)";
				CODE_SIGN_STYLE = Automatic;
				CURRENT_PROJECT_VERSION = 1;
				GENERATE_INFOPLIST_FILE = YES;
				IPHONEOS_DEPLOYMENT_TARGET = 16.4;
				MARKETING_VERSION = 1.0;
				PRODUCT_BUNDLE_IDENTIFIER = com.shubham.CasualProjectTests;
				PRODUCT_NAME = "$(TARGET_NAME)";
				SWIFT_EMIT_LOC_STRINGS = NO;
				SWIFT_VERSION = 5.0;
				TARGETED_DEVICE_FAMILY = "1,2";
				TEST_HOST = "$(BUILT_PRODUCTS_DIR)/CasualProject.app/$(BUNDLE_EXECUTABLE_FOLDER_PATH)/CasualProject";
			};
			name = Debug;
		};
		5AD5EE8C2B237BD7008C2AD0 /* Release */ = {
			isa = XCBuildConfiguration;
			buildSettings = {
				ALWAYS_EMBED_SWIFT_STANDARD_LIBRARIES = YES;
				BUNDLE_LOADER = "$(TEST_HOST)";
				CODE_SIGN_STYLE = Automatic;
				CURRENT_PROJECT_VERSION = 1;
				GENERATE_INFOPLIST_FILE = YES;
				IPHONEOS_DEPLOYMENT_TARGET = 16.4;
				MARKETING_VERSION = 1.0;
				PRODUCT_BUNDLE_IDENTIFIER = com.shubham.CasualProjectTests;
				PRODUCT_NAME = "$(TARGET_NAME)";
				SWIFT_EMIT_LOC_STRINGS = NO;
				SWIFT_VERSION = 5.0;
				TARGETED_DEVICE_FAMILY = "1,2";
				TEST_HOST = "$(BUILT_PRODUCTS_DIR)/CasualProject.app/$(BUNDLE_EXECUTABLE_FOLDER_PATH)/CasualProject";
			};
			name = Release;
		};
		5AD5EE8E2B237BD7008C2AD0 /* Debug */ = {
			isa = XCBuildConfiguration;
			buildSettings = {
				ALWAYS_EMBED_SWIFT_STANDARD_LIBRARIES = YES;
				CODE_SIGN_STYLE = Automatic;
				CURRENT_PROJECT_VERSION = 1;
				GENERATE_INFOPLIST_FILE = YES;
				MARKETING_VERSION = 1.0;
				PRODUCT_BUNDLE_IDENTIFIER = com.shubham.CasualProjectUITests;
				PRODUCT_NAME = "$(TARGET_NAME)";
				SWIFT_EMIT_LOC_STRINGS = NO;
				SWIFT_VERSION = 5.0;
				TARGETED_DEVICE_FAMILY = "1,2";
				TEST_TARGET_NAME = CasualProject;
			};
			name = Debug;
		};
		5AD5EE8F2B237BD7008C2AD0 /* Release */ = {
			isa = XCBuildConfiguration;
			buildSettings = {
				ALWAYS_EMBED_SWIFT_STANDARD_LIBRARIES = YES;
				CODE_SIGN_STYLE = Automatic;
				CURRENT_PROJECT_VERSION = 1;
				GENERATE_INFOPLIST_FILE = YES;
				MARKETING_VERSION = 1.0;
				PRODUCT_BUNDLE_IDENTIFIER = com.shubham.CasualProjectUITests;
				PRODUCT_NAME = "$(TARGET_NAME)";
				SWIFT_EMIT_LOC_STRINGS = NO;
				SWIFT_VERSION = 5.0;
				TARGETED_DEVICE_FAMILY = "1,2";
				TEST_TARGET_NAME = CasualProject;
			};
			name = Release;
		};
/* End XCBuildConfiguration section */

/* Begin XCConfigurationList section */
		5AD5EE552B237BD6008C2AD0 /* Build configuration list for PBXProject "CasualProject" */ = {
			isa = XCConfigurationList;
			buildConfigurations = (
				5AD5EE852B237BD7008C2AD0 /* Debug */,
				5AD5EE862B237BD7008C2AD0 /* Release */,
			);
			defaultConfigurationIsVisible = 0;
			defaultConfigurationName = Release;
		};
		5AD5EE872B237BD7008C2AD0 /* Build configuration list for PBXNativeTarget "CasualProject" */ = {
			isa = XCConfigurationList;
			buildConfigurations = (
				5AD5EE882B237BD7008C2AD0 /* Debug */,
				5AD5EE892B237BD7008C2AD0 /* Release */,
			);
			defaultConfigurationIsVisible = 0;
			defaultConfigurationName = Release;
		};
		5AD5EE8A2B237BD7008C2AD0 /* Build configuration list for PBXNativeTarget "CasualProjectTests" */ = {
			isa = XCConfigurationList;
			buildConfigurations = (
				5AD5EE8B2B237BD7008C2AD0 /* Debug */,
				5AD5EE8C2B237BD7008C2AD0 /* Release */,
			);
			defaultConfigurationIsVisible = 0;
			defaultConfigurationName = Release;
		};
		5AD5EE8D2B237BD7008C2AD0 /* Build configuration list for PBXNativeTarget "CasualProjectUITests" */ = {
			isa = XCConfigurationList;
			buildConfigurations = (
				5AD5EE8E2B237BD7008C2AD0 /* Debug */,
				5AD5EE8F2B237BD7008C2AD0 /* Release */,
			);
			defaultConfigurationIsVisible = 0;
			defaultConfigurationName = Release;
		};
/* End XCConfigurationList section */

/* Begin XCVersionGroup section */
		5AD5EE662B237BD6008C2AD0 /* CasualProject.xcdatamodeld */ = {
			isa = XCVersionGroup;
			children = (
				5AD5EE672B237BD6008C2AD0 /* CasualProject.xcdatamodel */,
			);
			currentVersion = 5AD5EE672B237BD6008C2AD0 /* CasualProject.xcdatamodel */;
			path = CasualProject.xcdatamodeld;
			sourceTree = "<group>";
			versionGroupType = wrapper.xcdatamodel;
		};
/* End XCVersionGroup section */
	};
	rootObject = 5AD5EE522B237BD6008C2AD0 /* Project object */;
}
